
Microsoft Visual Studio Solution File, Format Version 12.00
# Visual Studio Version 16
VisualStudioVersion = 16.0.32802.440
MinimumVisualStudioVersion = 10.0.40219.1
Project("{FAE04EC0-301F-11D3-BF4B-00C04F79EFBC}") = "AutoClick", "AutoClick\AutoClick.csproj", "{247AFA5F-DE3C-4FB5-824C-58B83EE7191D}"
EndProject
Project("{FAE04EC0-301F-11D3-BF4B-00C04F79EFBC}") = "AutoScroll", "AutoScroll\AutoScroll.csproj", "{BD7801EE-D062-4CEE-B4EC-F6363D13DDA7}"
EndProject
Global
	GlobalSection(SolutionConfigurationPlatforms) = preSolution
		Debug|Any CPU = Debug|Any CPU
		Release|Any CPU = Release|Any CPU
	EndGlobalSection
	GlobalSection(ProjectConfigurationPlatforms) = postSolution
		{247AFA5F-DE3C-4FB5-824C-58B83EE7191D}.Debug|Any CPU.ActiveCfg = Debug|Any CPU
		{247AFA5F-DE3C-4FB5-824C-58B83EE7191D}.Debug|Any CPU.Build.0 = Debug|Any CPU
		{247AFA5F-DE3C-4FB5-824C-58B83EE7191D}.Release|Any CPU.ActiveCfg = Release|Any CPU
		{247AFA5F-DE3C-4FB5-824C-58B83EE7191D}.Release|Any CPU.Build.0 = Release|Any CPU
		{BD7801EE-D062-4CEE-B4EC-F6363D13DDA7}.Debug|Any CPU.ActiveCfg = Debug|Any CPU
		{BD7801EE-D062-4CEE-B4EC-F6363D13DDA7}.Debug|Any CPU.Build.0 = Debug|Any CPU
		{BD7801EE-D062-4CEE-B4EC-F6363D13DDA7}.Release|Any CPU.ActiveCfg = Release|Any CPU
		{BD7801EE-D062-4CEE-B4EC-F6363D13DDA7}.Release|Any CPU.Build.0 = Release|Any CPU
	EndGlobalSection
	GlobalSection(SolutionProperties) = preSolution
		HideSolutionNode = FALSE
	EndGlobalSection
	GlobalSection(ExtensibilityGlobals) = postSolution
		SolutionGuid = {093110F4-D327-4A3E-B040-35E24DF9A3DD}
	EndGlobalSection
EndGlobal
